// !$*UTF8*$!
{
	archiveVersion = 1;
	classes = {
	};
	objectVersion = 77;
	objects = {

/* Begin PBXContainerItemProxy section */
		FC4DBD7A2CC1103D000E96DA /* PBXContainerItemProxy */ = {
			isa = PBXContainerItemProxy;
			containerPortal = FC4DBD612CC1103D000E96DA /* Project object */;
			proxyType = 1;
			remoteGlobalIDString = FC4DBD682CC1103D000E96DA;
			remoteInfo = Food_recipes;
		};
		FC4DBD842CC1103D000E96DA /* PBXContainerItemProxy */ = {
			isa = PBXContainerItemProxy;
			containerPortal = FC4DBD612CC1103D000E96DA /* Project object */;
			proxyType = 1;
			remoteGlobalIDString = FC4DBD682CC1103D000E96DA;
			remoteInfo = Food_recipes;
		};
/* End PBXContainerItemProxy section */

/* Begin PBXFileReference section */
		FC4DBD692CC1103D000E96DA /* Food_recipes.app */ = {isa = PBXFileReference; explicitFileType = wrapper.application; includeInIndex = 0; path = Food_recipes.app; sourceTree = BUILT_PRODUCTS_DIR; };
		FC4DBD792CC1103D000E96DA /* Food_recipesTests.xctest */ = {isa = PBXFileReference; explicitFileType = wrapper.cfbundle; includeInIndex = 0; path = Food_recipesTests.xctest; sourceTree = BUILT_PRODUCTS_DIR; };
		FC4DBD832CC1103D000E96DA /* Food_recipesUITests.xctest */ = {isa = PBXFileReference; explicitFileType = wrapper.cfbundle; includeInIndex = 0; path = Food_recipesUITests.xctest; sourceTree = BUILT_PRODUCTS_DIR; };
/* End PBXFileReference section */

/* Begin PBXFileSystemSynchronizedRootGroup section */
		FC4DBD6B2CC1103D000E96DA /* Food_recipes */ = {
			isa = PBXFileSystemSynchronizedRootGroup;
			path = Food_recipes;
			sourceTree = "<group>";
		};
		FC4DBD7C2CC1103D000E96DA /* Food_recipesTests */ = {
			isa = PBXFileSystemSynchronizedRootGroup;
			path = Food_recipesTests;
			sourceTree = "<group>";
		};
		FC4DBD862CC1103D000E96DA /* Food_recipesUITests */ = {
			isa = PBXFileSystemSynchronizedRootGroup;
			path = Food_recipesUITests;
			sourceTree = "<group>";
		};
/* End PBXFileSystemSynchronizedRootGroup section */

/* Begin PBXFrameworksBuildPhase section */
		FC4DBD662CC1103D000E96DA /* Frameworks */ = {
			isa = PBXFrameworksBuildPhase;
			buildActionMask = 2147483647;
			files = (
			);
			runOnlyForDeploymentPostprocessing = 0;
		};
		FC4DBD762CC1103D000E96DA /* Frameworks */ = {
			isa = PBXFrameworksBuildPhase;
			buildActionMask = 2147483647;
			files = (
			);
			runOnlyForDeploymentPostprocessing = 0;
		};
		FC4DBD802CC1103D000E96DA /* Frameworks */ = {
			isa = PBXFrameworksBuildPhase;
			buildActionMask = 2147483647;
			files = (
			);
			runOnlyForDeploymentPostprocessing = 0;
		};
/* End PBXFrameworksBuildPhase section */

/* Begin PBXGroup section */
		FC4DBD602CC1103D000E96DA = {
			isa = PBXGroup;
			children = (
				FC4DBD6B2CC1103D000E96DA /* Food_recipes */,
				FC4DBD7C2CC1103D000E96DA /* Food_recipesTests */,
				FC4DBD862CC1103D000E96DA /* Food_recipesUITests */,
				FC4DBD6A2CC1103D000E96DA /* Products */,
			);
			sourceTree = "<group>";
		};
		FC4DBD6A2CC1103D000E96DA /* Products */ = {
			isa = PBXGroup;
			children = (
				FC4DBD692CC1103D000E96DA /* Food_recipes.app */,
				FC4DBD792CC1103D000E96DA /* Food_recipesTests.xctest */,
				FC4DBD832CC1103D000E96DA /* Food_recipesUITests.xctest */,
			);
			name = Products;
			sourceTree = "<group>";
		};
/* End PBXGroup section */

/* Begin PBXNativeTarget section */
		FC4DBD682CC1103D000E96DA /* Food_recipes */ = {
			isa = PBXNativeTarget;
			buildConfigurationList = FC4DBD8D2CC1103D000E96DA /* Build configuration list for PBXNativeTarget "Food_recipes" */;
			buildPhases = (
				FC4DBD652CC1103D000E96DA /* Sources */,
				FC4DBD662CC1103D000E96DA /* Frameworks */,
				FC4DBD672CC1103D000E96DA /* Resources */,
			);
			buildRules = (
			);
			dependencies = (
			);
			fileSystemSynchronizedGroups = (
				FC4DBD6B2CC1103D000E96DA /* Food_recipes */,
			);
			name = Food_recipes;
			packageProductDependencies = (
			);
			productName = Food_recipes;
			productReference = FC4DBD692CC1103D000E96DA /* Food_recipes.app */;
			productType = "com.apple.product-type.application";
		};
		FC4DBD782CC1103D000E96DA /* Food_recipesTests */ = {
			isa = PBXNativeTarget;
			buildConfigurationList = FC4DBD902CC1103D000E96DA /* Build configuration list for PBXNativeTarget "Food_recipesTests" */;
			buildPhases = (
				FC4DBD752CC1103D000E96DA /* Sources */,
				FC4DBD762CC1103D000E96DA /* Frameworks */,
				FC4DBD772CC1103D000E96DA /* Resources */,
			);
			buildRules = (
			);
			dependencies = (
				FC4DBD7B2CC1103D000E96DA /* PBXTargetDependency */,
			);
			fileSystemSynchronizedGroups = (
				FC4DBD7C2CC1103D000E96DA /* Food_recipesTests */,
			);
			name = Food_recipesTests;
			packageProductDependencies = (
			);
			productName = Food_recipesTests;
			productReference = FC4DBD792CC1103D000E96DA /* Food_recipesTests.xctest */;
			productType = "com.apple.product-type.bundle.unit-test";
		};
		FC4DBD822CC1103D000E96DA /* Food_recipesUITests */ = {
			isa = PBXNativeTarget;
			buildConfigurationList = FC4DBD932CC1103D000E96DA /* Build configuration list for PBXNativeTarget "Food_recipesUITests" */;
			buildPhases = (
				FC4DBD7F2CC1103D000E96DA /* Sources */,
				FC4DBD802CC1103D000E96DA /* Frameworks */,
				FC4DBD812CC1103D000E96DA /* Resources */,
			);
			buildRules = (
			);
			dependencies = (
				FC4DBD852CC1103D000E96DA /* PBXTargetDependency */,
			);
			fileSystemSynchronizedGroups = (
				FC4DBD862CC1103D000E96DA /* Food_recipesUITests */,
			);
			name = Food_recipesUITests;
			packageProductDependencies = (
			);
			productName = Food_recipesUITests;
			productReference = FC4DBD832CC1103D000E96DA /* Food_recipesUITests.xctest */;
			productType = "com.apple.product-type.bundle.ui-testing";
		};
/* End PBXNativeTarget section */

/* Begin PBXProject section */
		FC4DBD612CC1103D000E96DA /* Project object */ = {
			isa = PBXProject;
			attributes = {
				BuildIndependentTargetsInParallel = 1;
				LastSwiftUpdateCheck = 1600;
				LastUpgradeCheck = 1600;
				TargetAttributes = {
					FC4DBD682CC1103D000E96DA = {
						CreatedOnToolsVersion = 16.0;
					};
					FC4DBD782CC1103D000E96DA = {
						CreatedOnToolsVersion = 16.0;
						TestTargetID = FC4DBD682CC1103D000E96DA;
					};
					FC4DBD822CC1103D000E96DA = {
						CreatedOnToolsVersion = 16.0;
						TestTargetID = FC4DBD682CC1103D000E96DA;
					};
				};
			};
			buildConfigurationList = FC4DBD642CC1103D000E96DA /* Build configuration list for PBXProject "Food_recipes" */;
			developmentRegion = en;
			hasScannedForEncodings = 0;
			knownRegions = (
				en,
				Base,
			);
			mainGroup = FC4DBD602CC1103D000E96DA;
			minimizedProjectReferenceProxies = 1;
			preferredProjectObjectVersion = 77;
			productRefGroup = FC4DBD6A2CC1103D000E96DA /* Products */;
			projectDirPath = "";
			projectRoot = "";
			targets = (
				FC4DBD682CC1103D000E96DA /* Food_recipes */,
				FC4DBD782CC1103D000E96DA /* Food_recipesTests */,
				FC4DBD822CC1103D000E96DA /* Food_recipesUITests */,
			);
		};
/* End PBXProject section */

/* Begin PBXResourcesBuildPhase section */
		FC4DBD672CC1103D000E96DA /* Resources */ = {
			isa = PBXResourcesBuildPhase;
			buildActionMask = 2147483647;
			files = (
			);
			runOnlyForDeploymentPostprocessing = 0;
		};
		FC4DBD772CC1103D000E96DA /* Resources */ = {
			isa = PBXResourcesBuildPhase;
			buildActionMask = 2147483647;
			files = (
			);
			runOnlyForDeploymentPostprocessing = 0;
		};
		FC4DBD812CC1103D000E96DA /* Resources */ = {
			isa = PBXResourcesBuildPhase;
			buildActionMask = 2147483647;
			files = (
			);
			runOnlyForDeploymentPostprocessing = 0;
		};
/* End PBXResourcesBuildPhase section */

/* Begin PBXSourcesBuildPhase section */
		FC4DBD652CC1103D000E96DA /* Sources */ = {
			isa = PBXSourcesBuildPhase;
			buildActionMask = 2147483647;
			files = (
			);
			runOnlyForDeploymentPostprocessing = 0;
		};
		FC4DBD752CC1103D000E96DA /* Sources */ = {
			isa = PBXSourcesBuildPhase;
			buildActionMask = 2147483647;
			files = (
			);
			runOnlyForDeploymentPostprocessing = 0;
		};
		FC4DBD7F2CC1103D000E96DA /* Sources */ = {
			isa = PBXSourcesBuildPhase;
			buildActionMask = 2147483647;
			files = (
			);
			runOnlyForDeploymentPostprocessing = 0;
		};
/* End PBXSourcesBuildPhase section */

/* Begin PBXTargetDependency section */
		FC4DBD7B2CC1103D000E96DA /* PBXTargetDependency */ = {
			isa = PBXTargetDependency;
			target = FC4DBD682CC1103D000E96DA /* Food_recipes */;
			targetProxy = FC4DBD7A2CC1103D000E96DA /* PBXContainerItemProxy */;
		};
		FC4DBD852CC1103D000E96DA /* PBXTargetDependency */ = {
			isa = PBXTargetDependency;
			target = FC4DBD682CC1103D000E96DA /* Food_recipes */;
			targetProxy = FC4DBD842CC1103D000E96DA /* PBXContainerItemProxy */;
		};
/* End PBXTargetDependency section */

/* Begin XCBuildConfiguration section */
		FC4DBD8B2CC1103D000E96DA /* Debug */ = {
			isa = XCBuildConfiguration;
			buildSettings = {
				ALWAYS_SEARCH_USER_PATHS = NO;
				ASSETCATALOG_COMPILER_GENERATE_SWIFT_ASSET_SYMBOL_EXTENSIONS = YES;
				CLANG_ANALYZER_NONNULL = YES;
				CLANG_ANALYZER_NUMBER_OBJECT_CONVERSION = YES_AGGRESSIVE;
				CLANG_CXX_LANGUAGE_STANDARD = "gnu++20";
				CLANG_ENABLE_MODULES = YES;
				CLANG_ENABLE_OBJC_ARC = YES;
				CLANG_ENABLE_OBJC_WEAK = YES;
				CLANG_WARN_BLOCK_CAPTURE_AUTORELEASING = YES;
				CLANG_WARN_BOOL_CONVERSION = YES;
				CLANG_WARN_COMMA = YES;
				CLANG_WARN_CONSTANT_CONVERSION = YES;
				CLANG_WARN_DEPRECATED_OBJC_IMPLEMENTATIONS = YES;
				CLANG_WARN_DIRECT_OBJC_ISA_USAGE = YES_ERROR;
				CLANG_WARN_DOCUMENTATION_COMMENTS = YES;
				CLANG_WARN_EMPTY_BODY = YES;
				CLANG_WARN_ENUM_CONVERSION = YES;
				CLANG_WARN_INFINITE_RECURSION = YES;
				CLANG_WARN_INT_CONVERSION = YES;
				CLANG_WARN_NON_LITERAL_NULL_CONVERSION = YES;
				CLANG_WARN_OBJC_IMPLICIT_RETAIN_SELF = YES;
				CLANG_WARN_OBJC_LITERAL_CONVERSION = YES;
				CLANG_WARN_OBJC_ROOT_CLASS = YES_ERROR;
				CLANG_WARN_QUOTED_INCLUDE_IN_FRAMEWORK_HEADER = YES;
				CLANG_WARN_RANGE_LOOP_ANALYSIS = YES;
				CLANG_WARN_STRICT_PROTOTYPES = YES;
				CLANG_WARN_SUSPICIOUS_MOVE = YES;
				CLANG_WARN_UNGUARDED_AVAILABILITY = YES_AGGRESSIVE;
				CLANG_WARN_UNREACHABLE_CODE = YES;
				CLANG_WARN__DUPLICATE_METHOD_MATCH = YES;
				COPY_PHASE_STRIP = NO;
				DEBUG_INFORMATION_FORMAT = dwarf;
				ENABLE_STRICT_OBJC_MSGSEND = YES;
				ENABLE_TESTABILITY = YES;
				ENABLE_USER_SCRIPT_SANDBOXING = YES;
				GCC_C_LANGUAGE_STANDARD = gnu17;
				GCC_DYNAMIC_NO_PIC = NO;
				GCC_NO_COMMON_BLOCKS = YES;
				GCC_OPTIMIZATION_LEVEL = 0;
				GCC_PREPROCESSOR_DEFINITIONS = (
					"DEBUG=1",
					"$(inherited)",
				);
				GCC_WARN_64_TO_32_BIT_CONVERSION = YES;
				GCC_WARN_ABOUT_RETURN_TYPE = YES_ERROR;
				GCC_WARN_UNDECLARED_SELECTOR = YES;
				GCC_WARN_UNINITIALIZED_AUTOS = YES_AGGRESSIVE;
				GCC_WARN_UNUSED_FUNCTION = YES;
				GCC_WARN_UNUSED_VARIABLE = YES;
				IPHONEOS_DEPLOYMENT_TARGET = 18.0;
				LOCALIZATION_PREFERS_STRING_CATALOGS = YES;
				MTL_ENABLE_DEBUG_INFO = INCLUDE_SOURCE;
				MTL_FAST_MATH = YES;
				ONLY_ACTIVE_ARCH = YES;
				SDKROOT = iphoneos;
				SWIFT_ACTIVE_COMPILATION_CONDITIONS = "DEBUG $(inherited)";
				SWIFT_OPTIMIZATION_LEVEL = "-Onone";
			};
			name = Debug;
		};
		FC4DBD8C2CC1103D000E96DA /* Release */ = {
			isa = XCBuildConfiguration;
			buildSettings = {
				ALWAYS_SEARCH_USER_PATHS = NO;
				ASSETCATALOG_COMPILER_GENERATE_SWIFT_ASSET_SYMBOL_EXTENSIONS = YES;
				CLANG_ANALYZER_NONNULL = YES;
				CLANG_ANALYZER_NUMBER_OBJECT_CONVERSION = YES_AGGRESSIVE;
				CLANG_CXX_LANGUAGE_STANDARD = "gnu++20";
				CLANG_ENABLE_MODULES = YES;
				CLANG_ENABLE_OBJC_ARC = YES;
				CLANG_ENABLE_OBJC_WEAK = YES;
				CLANG_WARN_BLOCK_CAPTURE_AUTORELEASING = YES;
				CLANG_WARN_BOOL_CONVERSION = YES;
				CLANG_WARN_COMMA = YES;
				CLANG_WARN_CONSTANT_CONVERSION = YES;
				CLANG_WARN_DEPRECATED_OBJC_IMPLEMENTATIONS = YES;
				CLANG_WARN_DIRECT_OBJC_ISA_USAGE = YES_ERROR;
				CLANG_WARN_DOCUMENTATION_COMMENTS = YES;
				CLANG_WARN_EMPTY_BODY = YES;
				CLANG_WARN_ENUM_CONVERSION = YES;
				CLANG_WARN_INFINITE_RECURSION = YES;
				CLANG_WARN_INT_CONVERSION = YES;
				CLANG_WARN_NON_LITERAL_NULL_CONVERSION = YES;
				CLANG_WARN_OBJC_IMPLICIT_RETAIN_SELF = YES;
				CLANG_WARN_OBJC_LITERAL_CONVERSION = YES;
				CLANG_WARN_OBJC_ROOT_CLASS = YES_ERROR;
				CLANG_WARN_QUOTED_INCLUDE_IN_FRAMEWORK_HEADER = YES;
				CLANG_WARN_RANGE_LOOP_ANALYSIS = YES;
				CLANG_WARN_STRICT_PROTOTYPES = YES;
				CLANG_WARN_SUSPICIOUS_MOVE = YES;
				CLANG_WARN_UNGUARDED_AVAILABILITY = YES_AGGRESSIVE;
				CLANG_WARN_UNREACHABLE_CODE = YES;
				CLANG_WARN__DUPLICATE_METHOD_MATCH = YES;
				COPY_PHASE_STRIP = NO;
				DEBUG_INFORMATION_FORMAT = "dwarf-with-dsym";
				ENABLE_NS_ASSERTIONS = NO;
				ENABLE_STRICT_OBJC_MSGSEND = YES;
				ENABLE_USER_SCRIPT_SANDBOXING = YES;
				GCC_C_LANGUAGE_STANDARD = gnu17;
				GCC_NO_COMMON_BLOCKS = YES;
				GCC_WARN_64_TO_32_BIT_CONVERSION = YES;
				GCC_WARN_ABOUT_RETURN_TYPE = YES_ERROR;
				GCC_WARN_UNDECLARED_SELECTOR = YES;
				GCC_WARN_UNINITIALIZED_AUTOS = YES_AGGRESSIVE;
				GCC_WARN_UNUSED_FUNCTION = YES;
				GCC_WARN_UNUSED_VARIABLE = YES;
				IPHONEOS_DEPLOYMENT_TARGET = 18.0;
				LOCALIZATION_PREFERS_STRING_CATALOGS = YES;
				MTL_ENABLE_DEBUG_INFO = NO;
				MTL_FAST_MATH = YES;
				SDKROOT = iphoneos;
				SWIFT_COMPILATION_MODE = wholemodule;
				VALIDATE_PRODUCT = YES;
			};
			name = Release;
		};
		FC4DBD8E2CC1103D000E96DA /* Debug */ = {
			isa = XCBuildConfiguration;
			buildSettings = {
				ASSETCATALOG_COMPILER_APPICON_NAME = AppIcon;
				ASSETCATALOG_COMPILER_GLOBAL_ACCENT_COLOR_NAME = AccentColor;
				CODE_SIGN_STYLE = Automatic;
				CURRENT_PROJECT_VERSION = 1;
				DEVELOPMENT_ASSET_PATHS = "\"Food_recipes/Preview Content\"";
				DEVELOPMENT_TEAM = 39YZX5T634;
				ENABLE_PREVIEWS = YES;
				GENERATE_INFOPLIST_FILE = YES;
				INFOPLIST_KEY_UIApplicationSceneManifest_Generation = YES;
				INFOPLIST_KEY_UIApplicationSupportsIndirectInputEvents = YES;
				INFOPLIST_KEY_UILaunchScreen_Generation = YES;
				INFOPLIST_KEY_UISupportedInterfaceOrientations_iPad = "UIInterfaceOrientationPortrait UIInterfaceOrientationPortraitUpsideDown UIInterfaceOrientationLandscapeLeft UIInterfaceOrientationLandscapeRight";
				INFOPLIST_KEY_UISupportedInterfaceOrientations_iPhone = "UIInterfaceOrientationPortrait UIInterfaceOrientationLandscapeLeft UIInterfaceOrientationLandscapeRight";
				LD_RUNPATH_SEARCH_PATHS = (
					"$(inherited)",
					"@executable_path/Frameworks",
				);
				MARKETING_VERSION = 1.0;
				PRODUCT_BUNDLE_IDENTIFIER = "come.noora.Food-recipes";
				PRODUCT_NAME = "$(TARGET_NAME)";
				SWIFT_EMIT_LOC_STRINGS = YES;
				SWIFT_VERSION = 5.0;
				TARGETED_DEVICE_FAMILY = "1,2";
			};
			name = Debug;
		};
		FC4DBD8F2CC1103D000E96DA /* Release */ = {
			isa = XCBuildConfiguration;
			buildSettings = {
				ASSETCATALOG_COMPILER_APPICON_NAME = AppIcon;
				ASSETCATALOG_COMPILER_GLOBAL_ACCENT_COLOR_NAME = AccentColor;
				CODE_SIGN_STYLE = Automatic;
				CURRENT_PROJECT_VERSION = 1;
				DEVELOPMENT_ASSET_PATHS = "\"Food_recipes/Preview Content\"";
				DEVELOPMENT_TEAM = 39YZX5T634;
				ENABLE_PREVIEWS = YES;
				GENERATE_INFOPLIST_FILE = YES;
				INFOPLIST_KEY_UIApplicationSceneManifest_Generation = YES;
				INFOPLIST_KEY_UIApplicationSupportsIndirectInputEvents = YES;
				INFOPLIST_KEY_UILaunchScreen_Generation = YES;
				INFOPLIST_KEY_UISupportedInterfaceOrientations_iPad = "UIInterfaceOrientationPortrait UIInterfaceOrientationPortraitUpsideDown UIInterfaceOrientationLandscapeLeft UIInterfaceOrientationLandscapeRight";
				INFOPLIST_KEY_UISupportedInterfaceOrientations_iPhone = "UIInterfaceOrientationPortrait UIInterfaceOrientationLandscapeLeft UIInterfaceOrientationLandscapeRight";
				LD_RUNPATH_SEARCH_PATHS = (
					"$(inherited)",
					"@executable_path/Frameworks",
				);
				MARKETING_VERSION = 1.0;
				PRODUCT_BUNDLE_IDENTIFIER = "come.noora.Food-recipes";
				PRODUCT_NAME = "$(TARGET_NAME)";
				SWIFT_EMIT_LOC_STRINGS = YES;
				SWIFT_VERSION = 5.0;
				TARGETED_DEVICE_FAMILY = "1,2";
			};
			name = Release;
		};
		FC4DBD912CC1103D000E96DA /* Debug */ = {
			isa = XCBuildConfiguration;
			buildSettings = {
				BUNDLE_LOADER = "$(TEST_HOST)";
				CODE_SIGN_STYLE = Automatic;
				CURRENT_PROJECT_VERSION = 1;
				DEVELOPMENT_TEAM = 39YZX5T634;
				GENERATE_INFOPLIST_FILE = YES;
				IPHONEOS_DEPLOYMENT_TARGET = 18.0;
				MARKETING_VERSION = 1.0;
				PRODUCT_BUNDLE_IDENTIFIER = "come.noora.Food-recipesTests";
				PRODUCT_NAME = "$(TARGET_NAME)";
				SWIFT_EMIT_LOC_STRINGS = NO;
				SWIFT_VERSION = 5.0;
				TARGETED_DEVICE_FAMILY = "1,2";
				TEST_HOST = "$(BUILT_PRODUCTS_DIR)/Food_recipes.app/$(BUNDLE_EXECUTABLE_FOLDER_PATH)/Food_recipes";
			};
			name = Debug;
		};
		FC4DBD922CC1103D000E96DA /* Release */ = {
			isa = XCBuildConfiguration;
			buildSettings = {
				BUNDLE_LOADER = "$(TEST_HOST)";
				CODE_SIGN_STYLE = Automatic;
				CURRENT_PROJECT_VERSION = 1;
				DEVELOPMENT_TEAM = 39YZX5T634;
				GENERATE_INFOPLIST_FILE = YES;
				IPHONEOS_DEPLOYMENT_TARGET = 18.0;
				MARKETING_VERSION = 1.0;
				PRODUCT_BUNDLE_IDENTIFIER = "come.noora.Food-recipesTests";
				PRODUCT_NAME = "$(TARGET_NAME)";
				SWIFT_EMIT_LOC_STRINGS = NO;
				SWIFT_VERSION = 5.0;
				TARGETED_DEVICE_FAMILY = "1,2";
				TEST_HOST = "$(BUILT_PRODUCTS_DIR)/Food_recipes.app/$(BUNDLE_EXECUTABLE_FOLDER_PATH)/Food_recipes";
			};
			name = Release;
		};
		FC4DBD942CC1103D000E96DA /* Debug */ = {
			isa = XCBuildConfiguration;
			buildSettings = {
				CODE_SIGN_STYLE = Automatic;
				CURRENT_PROJECT_VERSION = 1;
				DEVELOPMENT_TEAM = 39YZX5T634;
				GENERATE_INFOPLIST_FILE = YES;
				MARKETING_VERSION = 1.0;
				PRODUCT_BUNDLE_IDENTIFIER = "come.noora.Food-recipesUITests";
				PRODUCT_NAME = "$(TARGET_NAME)";
				SWIFT_EMIT_LOC_STRINGS = NO;
				SWIFT_VERSION = 5.0;
				TARGETED_DEVICE_FAMILY = "1,2";
				TEST_TARGET_NAME = Food_recipes;
			};
			name = Debug;
		};
		FC4DBD952CC1103D000E96DA /* Release */ = {
			isa = XCBuildConfiguration;
			buildSettings = {
				CODE_SIGN_STYLE = Automatic;
				CURRENT_PROJECT_VERSION = 1;
				DEVELOPMENT_TEAM = 39YZX5T634;
				GENERATE_INFOPLIST_FILE = YES;
				MARKETING_VERSION = 1.0;
				PRODUCT_BUNDLE_IDENTIFIER = "come.noora.Food-recipesUITests";
				PRODUCT_NAME = "$(TARGET_NAME)";
				SWIFT_EMIT_LOC_STRINGS = NO;
				SWIFT_VERSION = 5.0;
				TARGETED_DEVICE_FAMILY = "1,2";
				TEST_TARGET_NAME = Food_recipes;
			};
			name = Release;
		};
/* End XCBuildConfiguration section */

/* Begin XCConfigurationList section */
		FC4DBD642CC1103D000E96DA /* Build configuration list for PBXProject "Food_recipes" */ = {
			isa = XCConfigurationList;
			buildConfigurations = (
				FC4DBD8B2CC1103D000E96DA /* Debug */,
				FC4DBD8C2CC1103D000E96DA /* Release */,
			);
			defaultConfigurationIsVisible = 0;
			defaultConfigurationName = Release;
		};
		FC4DBD8D2CC1103D000E96DA /* Build configuration list for PBXNativeTarget "Food_recipes" */ = {
			isa = XCConfigurationList;
			buildConfigurations = (
				FC4DBD8E2CC1103D000E96DA /* Debug */,
				FC4DBD8F2CC1103D000E96DA /* Release */,
			);
			defaultConfigurationIsVisible = 0;
			defaultConfigurationName = Release;
		};
		FC4DBD902CC1103D000E96DA /* Build configuration list for PBXNativeTarget "Food_recipesTests" */ = {
			isa = XCConfigurationList;
			buildConfigurations = (
				FC4DBD912CC1103D000E96DA /* Debug */,
				FC4DBD922CC1103D000E96DA /* Release */,
			);
			defaultConfigurationIsVisible = 0;
			defaultConfigurationName = Release;
		};
		FC4DBD932CC1103D000E96DA /* Build configuration list for PBXNativeTarget "Food_recipesUITests" */ = {
			isa = XCConfigurationList;
			buildConfigurations = (
				FC4DBD942CC1103D000E96DA /* Debug */,
				FC4DBD952CC1103D000E96DA /* Release */,
			);
			defaultConfigurationIsVisible = 0;
			defaultConfigurationName = Release;
		};
/* End XCConfigurationList section */
	};
	rootObject = FC4DBD612CC1103D000E96DA /* Project object */;
}
